
Microsoft Visual Studio Solution File, Format Version 12.00
# Visual Studio 14
VisualStudioVersion = 14.0.23107.0
MinimumVisualStudioVersion = 10.0.40219.1
Project("{FAE04EC0-301F-11D3-BF4B-00C04F79EFBC}") = "FaceBook_Connect", "FaceBook_Connect\FaceBook_Connect.csproj", "{FC3FA92D-C32A-433F-89C7-556E0D71B158}"
EndProject
Global
	GlobalSection(SolutionConfigurationPlatforms) = preSolution
		Debug|Any CPU = Debug|Any CPU
		Release|Any CPU = Release|Any CPU
	EndGlobalSection
	GlobalSection(ProjectConfigurationPlatforms) = postSolution
		{FC3FA92D-C32A-433F-89C7-556E0D71B158}.Debug|Any CPU.ActiveCfg = Debug|Any CPU
		{FC3FA92D-C32A-433F-89C7-556E0D71B158}.Debug|Any CPU.Build.0 = Debug|Any CPU
		{FC3FA92D-C32A-433F-89C7-556E0D71B158}.Release|Any CPU.ActiveCfg = Release|Any CPU
		{FC3FA92D-C32A-433F-89C7-556E0D71B158}.Release|Any CPU.Build.0 = Release|Any CPU
	EndGlobalSection
	GlobalSection(SolutionProperties) = preSolution
		HideSolutionNode = FALSE
	EndGlobalSection
EndGlobal
